// !$*UTF8*$!
{
	archiveVersion = 1;
	classes = {
	};
	objectVersion = 50;
	objects = {

/* Begin PBXBuildFile section */
		9D6031B0228DABC1005DDFC7 /* BLEViewController.swift in Sources */ = {isa = PBXBuildFile; fileRef = 9D6031AF228DABC1005DDFC7 /* BLEViewController.swift */; };
		9D6037CD228CF52A0080E11E /* AppDelegate.swift in Sources */ = {isa = PBXBuildFile; fileRef = 9D6037CC228CF52A0080E11E /* AppDelegate.swift */; };
		9D6037CF228CF52A0080E11E /* ViewController.swift in Sources */ = {isa = PBXBuildFile; fileRef = 9D6037CE228CF52A0080E11E /* ViewController.swift */; };
		9D6037D2228CF52A0080E11E /* Main.storyboard in Resources */ = {isa = PBXBuildFile; fileRef = 9D6037D0228CF52A0080E11E /* Main.storyboard */; };
		9D6037D5228CF52A0080E11E /* BluetoothPOC.xcdatamodeld in Sources */ = {isa = PBXBuildFile; fileRef = 9D6037D3228CF52A0080E11E /* BluetoothPOC.xcdatamodeld */; };
		9D6037D7228CF52C0080E11E /* Assets.xcassets in Resources */ = {isa = PBXBuildFile; fileRef = 9D6037D6228CF52C0080E11E /* Assets.xcassets */; };
		9D6037DA228CF52C0080E11E /* LaunchScreen.storyboard in Resources */ = {isa = PBXBuildFile; fileRef = 9D6037D8228CF52C0080E11E /* LaunchScreen.storyboard */; };
		9DAB9E4F228CA9FD00CE5489 /* AppDelegate.swift in Sources */ = {isa = PBXBuildFile; fileRef = 9DAB9E4E228CA9FD00CE5489 /* AppDelegate.swift */; };
		9DAB9E51228CA9FD00CE5489 /* ViewController.swift in Sources */ = {isa = PBXBuildFile; fileRef = 9DAB9E50228CA9FD00CE5489 /* ViewController.swift */; };
		9DAB9E53228CA9FF00CE5489 /* Assets.xcassets in Resources */ = {isa = PBXBuildFile; fileRef = 9DAB9E52228CA9FF00CE5489 /* Assets.xcassets */; };
		9DAB9E56228CA9FF00CE5489 /* Main.storyboard in Resources */ = {isa = PBXBuildFile; fileRef = 9DAB9E54228CA9FF00CE5489 /* Main.storyboard */; };
		9DAB9E5F228CB7C400CE5489 /* BluetoothDevices.swift in Sources */ = {isa = PBXBuildFile; fileRef = 9DAB9E5E228CB7C400CE5489 /* BluetoothDevices.swift */; };
/* End PBXBuildFile section */

/* Begin PBXFileReference section */
		9D6031AF228DABC1005DDFC7 /* BLEViewController.swift */ = {isa = PBXFileReference; lastKnownFileType = sourcecode.swift; path = BLEViewController.swift; sourceTree = "<group>"; };
		9D6037CA228CF52A0080E11E /* BluetoothPOC.app */ = {isa = PBXFileReference; explicitFileType = wrapper.application; includeInIndex = 0; path = BluetoothPOC.app; sourceTree = BUILT_PRODUCTS_DIR; };
		9D6037CC228CF52A0080E11E /* AppDelegate.swift */ = {isa = PBXFileReference; lastKnownFileType = sourcecode.swift; path = AppDelegate.swift; sourceTree = "<group>"; };
		9D6037CE228CF52A0080E11E /* ViewController.swift */ = {isa = PBXFileReference; lastKnownFileType = sourcecode.swift; path = ViewController.swift; sourceTree = "<group>"; };
		9D6037D1228CF52A0080E11E /* Base */ = {isa = PBXFileReference; lastKnownFileType = file.storyboard; name = Base; path = Base.lproj/Main.storyboard; sourceTree = "<group>"; };
		9D6037D4228CF52A0080E11E /* BluetoothPOC.xcdatamodel */ = {isa = PBXFileReference; lastKnownFileType = wrapper.xcdatamodel; path = BluetoothPOC.xcdatamodel; sourceTree = "<group>"; };
		9D6037D6228CF52C0080E11E /* Assets.xcassets */ = {isa = PBXFileReference; lastKnownFileType = folder.assetcatalog; path = Assets.xcassets; sourceTree = "<group>"; };
		9D6037D9228CF52C0080E11E /* Base */ = {isa = PBXFileReference; lastKnownFileType = file.storyboard; name = Base; path = Base.lproj/LaunchScreen.storyboard; sourceTree = "<group>"; };
		9D6037DB228CF52C0080E11E /* Info.plist */ = {isa = PBXFileReference; lastKnownFileType = text.plist.xml; path = Info.plist; sourceTree = "<group>"; };
		9DAB9E4B228CA9FD00CE5489 /* Bluetooth-Mac-iOS.app */ = {isa = PBXFileReference; explicitFileType = wrapper.application; includeInIndex = 0; path = "Bluetooth-Mac-iOS.app"; sourceTree = BUILT_PRODUCTS_DIR; };
		9DAB9E4E228CA9FD00CE5489 /* AppDelegate.swift */ = {isa = PBXFileReference; lastKnownFileType = sourcecode.swift; path = AppDelegate.swift; sourceTree = "<group>"; };
		9DAB9E50228CA9FD00CE5489 /* ViewController.swift */ = {isa = PBXFileReference; lastKnownFileType = sourcecode.swift; path = ViewController.swift; sourceTree = "<group>"; };
		9DAB9E52228CA9FF00CE5489 /* Assets.xcassets */ = {isa = PBXFileReference; lastKnownFileType = folder.assetcatalog; path = Assets.xcassets; sourceTree = "<group>"; };
		9DAB9E55228CA9FF00CE5489 /* Base */ = {isa = PBXFileReference; lastKnownFileType = file.storyboard; name = Base; path = Base.lproj/Main.storyboard; sourceTree = "<group>"; };
		9DAB9E57228CA9FF00CE5489 /* Info.plist */ = {isa = PBXFileReference; lastKnownFileType = text.plist.xml; path = Info.plist; sourceTree = "<group>"; };
		9DAB9E58228CA9FF00CE5489 /* Bluetooth-Mac.entitlements */ = {isa = PBXFileReference; lastKnownFileType = text.plist.entitlements; path = "Bluetooth-Mac.entitlements"; sourceTree = "<group>"; };
		9DAB9E5E228CB7C400CE5489 /* BluetoothDevices.swift */ = {isa = PBXFileReference; lastKnownFileType = sourcecode.swift; path = BluetoothDevices.swift; sourceTree = "<group>"; };
/* End PBXFileReference section */

/* Begin PBXFrameworksBuildPhase section */
		9D6037C7228CF52A0080E11E /* Frameworks */ = {
			isa = PBXFrameworksBuildPhase;
			buildActionMask = 2147483647;
			files = (
			);
			runOnlyForDeploymentPostprocessing = 0;
		};
		9DAB9E48228CA9FD00CE5489 /* Frameworks */ = {
			isa = PBXFrameworksBuildPhase;
			buildActionMask = 2147483647;
			files = (
			);
			runOnlyForDeploymentPostprocessing = 0;
		};
/* End PBXFrameworksBuildPhase section */

/* Begin PBXGroup section */
		9D6037CB228CF52A0080E11E /* Bluetooth-iOS */ = {
			isa = PBXGroup;
			children = (
				9D6037CC228CF52A0080E11E /* AppDelegate.swift */,
				9D6037CE228CF52A0080E11E /* ViewController.swift */,
				9D6037D0228CF52A0080E11E /* Main.storyboard */,
				9D6037D6228CF52C0080E11E /* Assets.xcassets */,
				9D6037D8228CF52C0080E11E /* LaunchScreen.storyboard */,
				9D6037DB228CF52C0080E11E /* Info.plist */,
				9D6037D3228CF52A0080E11E /* BluetoothPOC.xcdatamodeld */,
			);
			path = "Bluetooth-iOS";
			sourceTree = "<group>";
		};
		9DAB9E42228CA9FD00CE5489 = {
			isa = PBXGroup;
			children = (
				9DAB9E4D228CA9FD00CE5489 /* Bluetooth-Mac */,
				9D6037CB228CF52A0080E11E /* Bluetooth-iOS */,
				9DAB9E4C228CA9FD00CE5489 /* Products */,
			);
			sourceTree = "<group>";
		};
		9DAB9E4C228CA9FD00CE5489 /* Products */ = {
			isa = PBXGroup;
			children = (
				9DAB9E4B228CA9FD00CE5489 /* Bluetooth-Mac-iOS.app */,
				9D6037CA228CF52A0080E11E /* BluetoothPOC.app */,
			);
			name = Products;
			sourceTree = "<group>";
		};
		9DAB9E4D228CA9FD00CE5489 /* Bluetooth-Mac */ = {
			isa = PBXGroup;
			children = (
				9DAB9E4E228CA9FD00CE5489 /* AppDelegate.swift */,
				9DAB9E50228CA9FD00CE5489 /* ViewController.swift */,
				9DAB9E52228CA9FF00CE5489 /* Assets.xcassets */,
				9DAB9E54228CA9FF00CE5489 /* Main.storyboard */,
				9DAB9E57228CA9FF00CE5489 /* Info.plist */,
				9DAB9E58228CA9FF00CE5489 /* Bluetooth-Mac.entitlements */,
				9DAB9E5E228CB7C400CE5489 /* BluetoothDevices.swift */,
				9D6031AF228DABC1005DDFC7 /* BLEViewController.swift */,
			);
			path = "Bluetooth-Mac";
			sourceTree = "<group>";
		};
/* End PBXGroup section */

/* Begin PBXNativeTarget section */
		9D6037C9228CF52A0080E11E /* BluetoothPOC */ = {
			isa = PBXNativeTarget;
			buildConfigurationList = 9D6037DC228CF52C0080E11E /* Build configuration list for PBXNativeTarget "BluetoothPOC" */;
			buildPhases = (
				9D6037C6228CF52A0080E11E /* Sources */,
				9D6037C7228CF52A0080E11E /* Frameworks */,
				9D6037C8228CF52A0080E11E /* Resources */,
			);
			buildRules = (
			);
			dependencies = (
			);
			name = BluetoothPOC;
			productName = BluetoothPOC;
			productReference = 9D6037CA228CF52A0080E11E /* BluetoothPOC.app */;
			productType = "com.apple.product-type.application";
		};
		9DAB9E4A228CA9FD00CE5489 /* Bluetooth-Mac-iOS */ = {
			isa = PBXNativeTarget;
			buildConfigurationList = 9DAB9E5B228CA9FF00CE5489 /* Build configuration list for PBXNativeTarget "Bluetooth-Mac-iOS" */;
			buildPhases = (
				9DAB9E47228CA9FD00CE5489 /* Sources */,
				9DAB9E48228CA9FD00CE5489 /* Frameworks */,
				9DAB9E49228CA9FD00CE5489 /* Resources */,
			);
			buildRules = (
			);
			dependencies = (
			);
			name = "Bluetooth-Mac-iOS";
			productName = ExampleMacOSApp;
			productReference = 9DAB9E4B228CA9FD00CE5489 /* Bluetooth-Mac-iOS.app */;
			productType = "com.apple.product-type.application";
		};
/* End PBXNativeTarget section */

/* Begin PBXProject section */
		9DAB9E43228CA9FD00CE5489 /* Project object */ = {
			isa = PBXProject;
			attributes = {
				LastSwiftUpdateCheck = 1020;
				LastUpgradeCheck = 1020;
				ORGANIZATIONNAME = WeMake;
				TargetAttributes = {
					9D6037C9228CF52A0080E11E = {
						CreatedOnToolsVersion = 10.2.1;
					};
					9DAB9E4A228CA9FD00CE5489 = {
						CreatedOnToolsVersion = 10.2.1;
						SystemCapabilities = {
							com.apple.Sandbox = {
								enabled = 1;
							};
						};
					};
				};
			};
			buildConfigurationList = 9DAB9E46228CA9FD00CE5489 /* Build configuration list for PBXProject "Bluetooth-Mac-iOS" */;
			compatibilityVersion = "Xcode 9.3";
			developmentRegion = en;
			hasScannedForEncodings = 0;
			knownRegions = (
				en,
				Base,
			);
			mainGroup = 9DAB9E42228CA9FD00CE5489;
			productRefGroup = 9DAB9E4C228CA9FD00CE5489 /* Products */;
			projectDirPath = "";
			projectRoot = "";
			targets = (
				9DAB9E4A228CA9FD00CE5489 /* Bluetooth-Mac-iOS */,
				9D6037C9228CF52A0080E11E /* BluetoothPOC */,
			);
		};
/* End PBXProject section */

/* Begin PBXResourcesBuildPhase section */
		9D6037C8228CF52A0080E11E /* Resources */ = {
			isa = PBXResourcesBuildPhase;
			buildActionMask = 2147483647;
			files = (
				9D6037DA228CF52C0080E11E /* LaunchScreen.storyboard in Resources */,
				9D6037D7228CF52C0080E11E /* Assets.xcassets in Resources */,
				9D6037D2228CF52A0080E11E /* Main.storyboard in Resources */,
			);
			runOnlyForDeploymentPostprocessing = 0;
		};
		9DAB9E49228CA9FD00CE5489 /* Resources */ = {
			isa = PBXResourcesBuildPhase;
			buildActionMask = 2147483647;
			files = (
				9DAB9E53228CA9FF00CE5489 /* Assets.xcassets in Resources */,
				9DAB9E56228CA9FF00CE5489 /* Main.storyboard in Resources */,
			);
			runOnlyForDeploymentPostprocessing = 0;
		};
/* End PBXResourcesBuildPhase section */

/* Begin PBXSourcesBuildPhase section */
		9D6037C6228CF52A0080E11E /* Sources */ = {
			isa = PBXSourcesBuildPhase;
			buildActionMask = 2147483647;
			files = (
				9D6037D5228CF52A0080E11E /* BluetoothPOC.xcdatamodeld in Sources */,
				9D6037CF228CF52A0080E11E /* ViewController.swift in Sources */,
				9D6037CD228CF52A0080E11E /* AppDelegate.swift in Sources */,
			);
			runOnlyForDeploymentPostprocessing = 0;
		};
		9DAB9E47228CA9FD00CE5489 /* Sources */ = {
			isa = PBXSourcesBuildPhase;
			buildActionMask = 2147483647;
			files = (
				9D6031B0228DABC1005DDFC7 /* BLEViewController.swift in Sources */,
				9DAB9E51228CA9FD00CE5489 /* ViewController.swift in Sources */,
				9DAB9E4F228CA9FD00CE5489 /* AppDelegate.swift in Sources */,
				9DAB9E5F228CB7C400CE5489 /* BluetoothDevices.swift in Sources */,
			);
			runOnlyForDeploymentPostprocessing = 0;
		};
/* End PBXSourcesBuildPhase section */

/* Begin PBXVariantGroup section */
		9D6037D0228CF52A0080E11E /* Main.storyboard */ = {
			isa = PBXVariantGroup;
			children = (
				9D6037D1228CF52A0080E11E /* Base */,
			);
			name = Main.storyboard;
			sourceTree = "<group>";
		};
		9D6037D8228CF52C0080E11E /* LaunchScreen.storyboard */ = {
			isa = PBXVariantGroup;
			children = (
				9D6037D9228CF52C0080E11E /* Base */,
			);
			name = LaunchScreen.storyboard;
			sourceTree = "<group>";
		};
		9DAB9E54228CA9FF00CE5489 /* Main.storyboard */ = {
			isa = PBXVariantGroup;
			children = (
				9DAB9E55228CA9FF00CE5489 /* Base */,
			);
			name = Main.storyboard;
			sourceTree = "<group>";
		};
/* End PBXVariantGroup section */

/* Begin XCBuildConfiguration section */
		9D6037DD228CF52C0080E11E /* Debug */ = {
			isa = XCBuildConfiguration;
			buildSettings = {
				ASSETCATALOG_COMPILER_APPICON_NAME = AppIcon;
				CODE_SIGN_IDENTITY = "iPhone Developer";
				CODE_SIGN_STYLE = Automatic;
				DEVELOPMENT_TEAM = DX8DKZ28ZG;
				INFOPLIST_FILE = "$(SRCROOT)/Bluetooth-iOS/Info.plist";
				IPHONEOS_DEPLOYMENT_TARGET = 12.2;
				LD_RUNPATH_SEARCH_PATHS = (
					"$(inherited)",
					"@executable_path/Frameworks",
				);
				PRODUCT_BUNDLE_IDENTIFIER = WeMake.BluetoothPOC;
				PRODUCT_NAME = "$(TARGET_NAME)";
				SDKROOT = iphoneos;
				SWIFT_VERSION = 5.0;
				TARGETED_DEVICE_FAMILY = "1,2";
			};
			name = Debug;
		};
		9D6037DE228CF52C0080E11E /* Release */ = {
			isa = XCBuildConfiguration;
			buildSettings = {
				ASSETCATALOG_COMPILER_APPICON_NAME = AppIcon;
				CODE_SIGN_IDENTITY = "iPhone Developer";
				CODE_SIGN_STYLE = Automatic;
				DEVELOPMENT_TEAM = DX8DKZ28ZG;
				INFOPLIST_FILE = "$(SRCROOT)/Bluetooth-iOS/Info.plist";
				IPHONEOS_DEPLOYMENT_TARGET = 12.2;
				LD_RUNPATH_SEARCH_PATHS = (
					"$(inherited)",
					"@executable_path/Frameworks",
				);
				PRODUCT_BUNDLE_IDENTIFIER = WeMake.BluetoothPOC;
				PRODUCT_NAME = "$(TARGET_NAME)";
				SDKROOT = iphoneos;
				SWIFT_VERSION = 5.0;
				TARGETED_DEVICE_FAMILY = "1,2";
				VALIDATE_PRODUCT = YES;
			};
			name = Release;
		};
		9DAB9E59228CA9FF00CE5489 /* Debug */ = {
			isa = XCBuildConfiguration;
			buildSettings = {
				ALWAYS_SEARCH_USER_PATHS = NO;
				CLANG_ANALYZER_NONNULL = YES;
				CLANG_ANALYZER_NUMBER_OBJECT_CONVERSION = YES_AGGRESSIVE;
				CLANG_CXX_LANGUAGE_STANDARD = "gnu++14";
				CLANG_CXX_LIBRARY = "libc++";
				CLANG_ENABLE_MODULES = YES;
				CLANG_ENABLE_OBJC_ARC = YES;
				CLANG_ENABLE_OBJC_WEAK = YES;
				CLANG_WARN_BLOCK_CAPTURE_AUTORELEASING = YES;
				CLANG_WARN_BOOL_CONVERSION = YES;
				CLANG_WARN_COMMA = YES;
				CLANG_WARN_CONSTANT_CONVERSION = YES;
				CLANG_WARN_DEPRECATED_OBJC_IMPLEMENTATIONS = YES;
				CLANG_WARN_DIRECT_OBJC_ISA_USAGE = YES_ERROR;
				CLANG_WARN_DOCUMENTATION_COMMENTS = YES;
				CLANG_WARN_EMPTY_BODY = YES;
				CLANG_WARN_ENUM_CONVERSION = YES;
				CLANG_WARN_INFINITE_RECURSION = YES;
				CLANG_WARN_INT_CONVERSION = YES;
				CLANG_WARN_NON_LITERAL_NULL_CONVERSION = YES;
				CLANG_WARN_OBJC_IMPLICIT_RETAIN_SELF = YES;
				CLANG_WARN_OBJC_LITERAL_CONVERSION = YES;
				CLANG_WARN_OBJC_ROOT_CLASS = YES_ERROR;
				CLANG_WARN_RANGE_LOOP_ANALYSIS = YES;
				CLANG_WARN_STRICT_PROTOTYPES = YES;
				CLANG_WARN_SUSPICIOUS_MOVE = YES;
				CLANG_WARN_UNGUARDED_AVAILABILITY = YES_AGGRESSIVE;
				CLANG_WARN_UNREACHABLE_CODE = YES;
				CLANG_WARN__DUPLICATE_METHOD_MATCH = YES;
				CODE_SIGN_IDENTITY = "Mac Developer";
				COPY_PHASE_STRIP = NO;
				DEBUG_INFORMATION_FORMAT = dwarf;
				ENABLE_STRICT_OBJC_MSGSEND = YES;
				ENABLE_TESTABILITY = YES;
				GCC_C_LANGUAGE_STANDARD = gnu11;
				GCC_DYNAMIC_NO_PIC = NO;
				GCC_NO_COMMON_BLOCKS = YES;
				GCC_OPTIMIZATION_LEVEL = 0;
				GCC_PREPROCESSOR_DEFINITIONS = (
					"DEBUG=1",
					"$(inherited)",
				);
				GCC_WARN_64_TO_32_BIT_CONVERSION = YES;
				GCC_WARN_ABOUT_RETURN_TYPE = YES_ERROR;
				GCC_WARN_UNDECLARED_SELECTOR = YES;
				GCC_WARN_UNINITIALIZED_AUTOS = YES_AGGRESSIVE;
				GCC_WARN_UNUSED_FUNCTION = YES;
				GCC_WARN_UNUSED_VARIABLE = YES;
				MACOSX_DEPLOYMENT_TARGET = 10.14;
				MTL_ENABLE_DEBUG_INFO = INCLUDE_SOURCE;
				MTL_FAST_MATH = YES;
				ONLY_ACTIVE_ARCH = YES;
				SDKROOT = macosx;
				SWIFT_ACTIVE_COMPILATION_CONDITIONS = DEBUG;
				SWIFT_OPTIMIZATION_LEVEL = "-Onone";
			};
			name = Debug;
		};
		9DAB9E5A228CA9FF00CE5489 /* Release */ = {
			isa = XCBuildConfiguration;
			buildSettings = {
				ALWAYS_SEARCH_USER_PATHS = NO;
				CLANG_ANALYZER_NONNULL = YES;
				CLANG_ANALYZER_NUMBER_OBJECT_CONVERSION = YES_AGGRESSIVE;
				CLANG_CXX_LANGUAGE_STANDARD = "gnu++14";
				CLANG_CXX_LIBRARY = "libc++";
				CLANG_ENABLE_MODULES = YES;
				CLANG_ENABLE_OBJC_ARC = YES;
				CLANG_ENABLE_OBJC_WEAK = YES;
				CLANG_WARN_BLOCK_CAPTURE_AUTORELEASING = YES;
				CLANG_WARN_BOOL_CONVERSION = YES;
				CLANG_WARN_COMMA = YES;
				CLANG_WARN_CONSTANT_CONVERSION = YES;
				CLANG_WARN_DEPRECATED_OBJC_IMPLEMENTATIONS = YES;
				CLANG_WARN_DIRECT_OBJC_ISA_USAGE = YES_ERROR;
				CLANG_WARN_DOCUMENTATION_COMMENTS = YES;
				CLANG_WARN_EMPTY_BODY = YES;
				CLANG_WARN_ENUM_CONVERSION = YES;
				CLANG_WARN_INFINITE_RECURSION = YES;
				CLANG_WARN_INT_CONVERSION = YES;
				CLANG_WARN_NON_LITERAL_NULL_CONVERSION = YES;
				CLANG_WARN_OBJC_IMPLICIT_RETAIN_SELF = YES;
				CLANG_WARN_OBJC_LITERAL_CONVERSION = YES;
				CLANG_WARN_OBJC_ROOT_CLASS = YES_ERROR;
				CLANG_WARN_RANGE_LOOP_ANALYSIS = YES;
				CLANG_WARN_STRICT_PROTOTYPES = YES;
				CLANG_WARN_SUSPICIOUS_MOVE = YES;
				CLANG_WARN_UNGUARDED_AVAILABILITY = YES_AGGRESSIVE;
				CLANG_WARN_UNREACHABLE_CODE = YES;
				CLANG_WARN__DUPLICATE_METHOD_MATCH = YES;
				CODE_SIGN_IDENTITY = "Mac Developer";
				COPY_PHASE_STRIP = NO;
				DEBUG_INFORMATION_FORMAT = "dwarf-with-dsym";
				ENABLE_NS_ASSERTIONS = NO;
				ENABLE_STRICT_OBJC_MSGSEND = YES;
				GCC_C_LANGUAGE_STANDARD = gnu11;
				GCC_NO_COMMON_BLOCKS = YES;
				GCC_WARN_64_TO_32_BIT_CONVERSION = YES;
				GCC_WARN_ABOUT_RETURN_TYPE = YES_ERROR;
				GCC_WARN_UNDECLARED_SELECTOR = YES;
				GCC_WARN_UNINITIALIZED_AUTOS = YES_AGGRESSIVE;
				GCC_WARN_UNUSED_FUNCTION = YES;
				GCC_WARN_UNUSED_VARIABLE = YES;
				MACOSX_DEPLOYMENT_TARGET = 10.14;
				MTL_ENABLE_DEBUG_INFO = NO;
				MTL_FAST_MATH = YES;
				SDKROOT = macosx;
				SWIFT_COMPILATION_MODE = wholemodule;
				SWIFT_OPTIMIZATION_LEVEL = "-O";
			};
			name = Release;
		};
		9DAB9E5C228CA9FF00CE5489 /* Debug */ = {
			isa = XCBuildConfiguration;
			buildSettings = {
				ASSETCATALOG_COMPILER_APPICON_NAME = AppIcon;
				CODE_SIGN_ENTITLEMENTS = "Bluetooth-Mac/Bluetooth-Mac.entitlements";
				CODE_SIGN_STYLE = Automatic;
				COMBINE_HIDPI_IMAGES = YES;
				DEVELOPMENT_TEAM = DX8DKZ28ZG;
				INFOPLIST_FILE = "$(SRCROOT)/Bluetooth-Mac/Info.plist";
				LD_RUNPATH_SEARCH_PATHS = (
					"$(inherited)",
					"@executable_path/../Frameworks",
				);
				PRODUCT_BUNDLE_IDENTIFIER = "WeMake.Bluetooth-Mac-iOS";
				PRODUCT_NAME = "$(TARGET_NAME)";
				SWIFT_VERSION = 5.0;
			};
			name = Debug;
		};
		9DAB9E5D228CA9FF00CE5489 /* Release */ = {
			isa = XCBuildConfiguration;
			buildSettings = {
				ASSETCATALOG_COMPILER_APPICON_NAME = AppIcon;
				CODE_SIGN_ENTITLEMENTS = "Bluetooth-Mac/Bluetooth-Mac.entitlements";
				CODE_SIGN_STYLE = Automatic;
				COMBINE_HIDPI_IMAGES = YES;
				DEVELOPMENT_TEAM = DX8DKZ28ZG;
				INFOPLIST_FILE = "$(SRCROOT)/Bluetooth-Mac/Info.plist";
				LD_RUNPATH_SEARCH_PATHS = (
					"$(inherited)",
					"@executable_path/../Frameworks",
				);
				PRODUCT_BUNDLE_IDENTIFIER = "WeMake.Bluetooth-Mac-iOS";
				PRODUCT_NAME = "$(TARGET_NAME)";
				SWIFT_VERSION = 5.0;
			};
			name = Release;
		};
/* End XCBuildConfiguration section */

/* Begin XCConfigurationList section */
		9D6037DC228CF52C0080E11E /* Build configuration list for PBXNativeTarget "BluetoothPOC" */ = {
			isa = XCConfigurationList;
			buildConfigurations = (
				9D6037DD228CF52C0080E11E /* Debug */,
				9D6037DE228CF52C0080E11E /* Release */,
			);
			defaultConfigurationIsVisible = 0;
			defaultConfigurationName = Release;
		};
		9DAB9E46228CA9FD00CE5489 /* Build configuration list for PBXProject "Bluetooth-Mac-iOS" */ = {
			isa = XCConfigurationList;
			buildConfigurations = (
				9DAB9E59228CA9FF00CE5489 /* Debug */,
				9DAB9E5A228CA9FF00CE5489 /* Release */,
			);
			defaultConfigurationIsVisible = 0;
			defaultConfigurationName = Release;
		};
		9DAB9E5B228CA9FF00CE5489 /* Build configuration list for PBXNativeTarget "Bluetooth-Mac-iOS" */ = {
			isa = XCConfigurationList;
			buildConfigurations = (
				9DAB9E5C228CA9FF00CE5489 /* Debug */,
				9DAB9E5D228CA9FF00CE5489 /* Release */,
			);
			defaultConfigurationIsVisible = 0;
			defaultConfigurationName = Release;
		};
/* End XCConfigurationList section */

/* Begin XCVersionGroup section */
		9D6037D3228CF52A0080E11E /* BluetoothPOC.xcdatamodeld */ = {
			isa = XCVersionGroup;
			children = (
				9D6037D4228CF52A0080E11E /* BluetoothPOC.xcdatamodel */,
			);
			currentVersion = 9D6037D4228CF52A0080E11E /* BluetoothPOC.xcdatamodel */;
			path = BluetoothPOC.xcdatamodeld;
			sourceTree = "<group>";
			versionGroupType = wrapper.xcdatamodel;
		};
/* End XCVersionGroup section */
	};
	rootObject = 9DAB9E43228CA9FD00CE5489 /* Project object */;
}
